
Microsoft Visual Studio Solution File, Format Version 12.00
# Visual Studio Version 16
VisualStudioVersion = 16.0.30615.102
MinimumVisualStudioVersion = 10.0.40219.1
Project("{FAE04EC0-301F-11D3-BF4B-00C04F79EFBC}") = "Corutine", "Corutine\Corutine.csproj", "{B9E8ACBF-D227-4229-94A0-78FB8A20E8BE}"
EndProject
Project("{FAE04EC0-301F-11D3-BF4B-00C04F79EFBC}") = "ProcessFrameDemo", "ProcessStackDemo\ProcessFrameDemo.csproj", "{8969DBD0-7EEB-484A-A660-1A6715122778}"
EndProject
Global
	GlobalSection(SolutionConfigurationPlatforms) = preSolution
		Debug|Any CPU = Debug|Any CPU
		Release|Any CPU = Release|Any CPU
	EndGlobalSection
	GlobalSection(ProjectConfigurationPlatforms) = postSolution
		{B9E8ACBF-D227-4229-94A0-78FB8A20E8BE}.Debug|Any CPU.ActiveCfg = Debug|Any CPU
		{B9E8ACBF-D227-4229-94A0-78FB8A20E8BE}.Debug|Any CPU.Build.0 = Debug|Any CPU
		{B9E8ACBF-D227-4229-94A0-78FB8A20E8BE}.Release|Any CPU.ActiveCfg = Release|Any CPU
		{B9E8ACBF-D227-4229-94A0-78FB8A20E8BE}.Release|Any CPU.Build.0 = Release|Any CPU
		{8969DBD0-7EEB-484A-A660-1A6715122778}.Debug|Any CPU.ActiveCfg = Debug|Any CPU
		{8969DBD0-7EEB-484A-A660-1A6715122778}.Debug|Any CPU.Build.0 = Debug|Any CPU
		{8969DBD0-7EEB-484A-A660-1A6715122778}.Release|Any CPU.ActiveCfg = Release|Any CPU
		{8969DBD0-7EEB-484A-A660-1A6715122778}.Release|Any CPU.Build.0 = Release|Any CPU
	EndGlobalSection
	GlobalSection(SolutionProperties) = preSolution
		HideSolutionNode = FALSE
	EndGlobalSection
	GlobalSection(ExtensibilityGlobals) = postSolution
		SolutionGuid = {93458BA4-5D43-4027-8846-7D1CCAE7AFFB}
	EndGlobalSection
EndGlobal
